
Microsoft Visual Studio Solution File, Format Version 12.00
# Visual Studio Version 17
VisualStudioVersion = 17.0.31903.59
MinimumVisualStudioVersion = 10.0.40219.1
Project("{2150E333-8FDC-42A3-9474-1A3956D46DE8}") = "src", "src", "{4FDBAF5F-71F7-49AC-819D-89F365E0673E}"
EndProject
Project("{FAE04EC0-301F-11D3-BF4B-00C04F79EFBC}") = "AuctionService", "src\AuctionService\AuctionService.csproj", "{5C122F99-786D-4BD4-88C0-ED0CFF93D729}"
EndProject
Project("{FAE04EC0-301F-11D3-BF4B-00C04F79EFBC}") = "SearchService", "src\SearchService\SearchService.csproj", "{5F2C965E-A97E-46D1-8F20-CA5786EBED9F}"
EndProject
Project("{FAE04EC0-301F-11D3-BF4B-00C04F79EFBC}") = "Contracts", "src\Contracts\Contracts.csproj", "{7C742588-82CF-4216-AD5D-1129A5736539}"
EndProject
Project("{FAE04EC0-301F-11D3-BF4B-00C04F79EFBC}") = "IdentityService", "src\IdentityService\IdentityService.csproj", "{A0C1EC8A-2756-456C-ABB7-457168A814D8}"
EndProject
Global
	GlobalSection(SolutionConfigurationPlatforms) = preSolution
		Debug|Any CPU = Debug|Any CPU
		Release|Any CPU = Release|Any CPU
	EndGlobalSection
	GlobalSection(SolutionProperties) = preSolution
		HideSolutionNode = FALSE
	EndGlobalSection
	GlobalSection(ProjectConfigurationPlatforms) = postSolution
		{5C122F99-786D-4BD4-88C0-ED0CFF93D729}.Debug|Any CPU.ActiveCfg = Debug|Any CPU
		{5C122F99-786D-4BD4-88C0-ED0CFF93D729}.Debug|Any CPU.Build.0 = Debug|Any CPU
		{5C122F99-786D-4BD4-88C0-ED0CFF93D729}.Release|Any CPU.ActiveCfg = Release|Any CPU
		{5C122F99-786D-4BD4-88C0-ED0CFF93D729}.Release|Any CPU.Build.0 = Release|Any CPU
		{5F2C965E-A97E-46D1-8F20-CA5786EBED9F}.Debug|Any CPU.ActiveCfg = Debug|Any CPU
		{5F2C965E-A97E-46D1-8F20-CA5786EBED9F}.Debug|Any CPU.Build.0 = Debug|Any CPU
		{5F2C965E-A97E-46D1-8F20-CA5786EBED9F}.Release|Any CPU.ActiveCfg = Release|Any CPU
		{5F2C965E-A97E-46D1-8F20-CA5786EBED9F}.Release|Any CPU.Build.0 = Release|Any CPU
		{7C742588-82CF-4216-AD5D-1129A5736539}.Debug|Any CPU.ActiveCfg = Debug|Any CPU
		{7C742588-82CF-4216-AD5D-1129A5736539}.Debug|Any CPU.Build.0 = Debug|Any CPU
		{7C742588-82CF-4216-AD5D-1129A5736539}.Release|Any CPU.ActiveCfg = Release|Any CPU
		{7C742588-82CF-4216-AD5D-1129A5736539}.Release|Any CPU.Build.0 = Release|Any CPU
		{A0C1EC8A-2756-456C-ABB7-457168A814D8}.Debug|Any CPU.ActiveCfg = Debug|Any CPU
		{A0C1EC8A-2756-456C-ABB7-457168A814D8}.Debug|Any CPU.Build.0 = Debug|Any CPU
		{A0C1EC8A-2756-456C-ABB7-457168A814D8}.Release|Any CPU.ActiveCfg = Release|Any CPU
		{A0C1EC8A-2756-456C-ABB7-457168A814D8}.Release|Any CPU.Build.0 = Release|Any CPU
	EndGlobalSection
	GlobalSection(NestedProjects) = preSolution
		{5C122F99-786D-4BD4-88C0-ED0CFF93D729} = {4FDBAF5F-71F7-49AC-819D-89F365E0673E}
		{5F2C965E-A97E-46D1-8F20-CA5786EBED9F} = {4FDBAF5F-71F7-49AC-819D-89F365E0673E}
		{7C742588-82CF-4216-AD5D-1129A5736539} = {4FDBAF5F-71F7-49AC-819D-89F365E0673E}
		{A0C1EC8A-2756-456C-ABB7-457168A814D8} = {4FDBAF5F-71F7-49AC-819D-89F365E0673E}
	EndGlobalSection
EndGlobal
